github.com/zetxek/adritian-free-hugo-theme v1.7.6 h1:F0y55IwlplHPENCnE3/s8SAgwDcytxb/cslMXzA7Xxo=
github.com/zetxek/adritian-free-hugo-theme v1.7.6/go.mod h1:RZxMuUPx+AJwqABiHDQWSVEskypgZCqZ0MwOgCvA6o0=
github.com/zetxek/adritian-free-hugo-theme v1.7.11 h1:nPtDwMQV9JKyeTgjCRXWd/2f48bt2jadEzBAxMhNlTs=
github.com/zetxek/adritian-free-hugo-theme v1.7.11/go.mod h1:RZxMuUPx+AJwqABiHDQWSVEskypgZCqZ0MwOgCvA6o0=
